
Microsoft Visual Studio Solution File, Format Version 12.00
# Visual Studio Version 17
VisualStudioVersion = 17.7.34202.233
MinimumVisualStudioVersion = 10.0.40219.1
Project("{FAE04EC0-301F-11D3-BF4B-00C04F79EFBC}") = "super System", "super System\super System.csproj", "{774A48BB-C669-4517-B642-7576BBB118C9}"
EndProject
Global
	GlobalSection(SolutionConfigurationPlatforms) = preSolution
		Debug|Any CPU = Debug|Any CPU
		Release|Any CPU = Release|Any CPU
	EndGlobalSection
	GlobalSection(ProjectConfigurationPlatforms) = postSolution
		{774A48BB-C669-4517-B642-7576BBB118C9}.Debug|Any CPU.ActiveCfg = Debug|Any CPU
		{774A48BB-C669-4517-B642-7576BBB118C9}.Debug|Any CPU.Build.0 = Debug|Any CPU
		{774A48BB-C669-4517-B642-7576BBB118C9}.Release|Any CPU.ActiveCfg = Release|Any CPU
		{774A48BB-C669-4517-B642-7576BBB118C9}.Release|Any CPU.Build.0 = Release|Any CPU
	EndGlobalSection
	GlobalSection(SolutionProperties) = preSolution
		HideSolutionNode = FALSE
	EndGlobalSection
	GlobalSection(ExtensibilityGlobals) = postSolution
		SolutionGuid = {8A7E516C-1B3A-4A58-A12D-6EADC8A98088}
	EndGlobalSection
EndGlobal
